
Microsoft Visual Studio Solution File, Format Version 12.00
# Visual Studio Version 16
VisualStudioVersion = 16.0.29411.108
MinimumVisualStudioVersion = 10.0.40219.1
Project("{FAE04EC0-301F-11D3-BF4B-00C04F79EFBC}") = "if and switch", "if and switch.csproj", "{FDF058CF-C57E-439E-A81E-0182205D8C65}"
EndProject
Global
	GlobalSection(SolutionConfigurationPlatforms) = preSolution
		Debug|Any CPU = Debug|Any CPU
		Release|Any CPU = Release|Any CPU
	EndGlobalSection
	GlobalSection(ProjectConfigurationPlatforms) = postSolution
		{FDF058CF-C57E-439E-A81E-0182205D8C65}.Debug|Any CPU.ActiveCfg = Debug|Any CPU
		{FDF058CF-C57E-439E-A81E-0182205D8C65}.Debug|Any CPU.Build.0 = Debug|Any CPU
		{FDF058CF-C57E-439E-A81E-0182205D8C65}.Release|Any CPU.ActiveCfg = Release|Any CPU
		{FDF058CF-C57E-439E-A81E-0182205D8C65}.Release|Any CPU.Build.0 = Release|Any CPU
	EndGlobalSection
	GlobalSection(SolutionProperties) = preSolution
		HideSolutionNode = FALSE
	EndGlobalSection
	GlobalSection(ExtensibilityGlobals) = postSolution
		SolutionGuid = {80A3129D-BC44-4065-8375-36723FFE1ED4}
	EndGlobalSection
EndGlobal
