
Microsoft Visual Studio Solution File, Format Version 12.00
# Visual Studio Version 16
VisualStudioVersion = 16.0.29411.108
MinimumVisualStudioVersion = 10.0.40219.1
Project("{FAE04EC0-301F-11D3-BF4B-00C04F79EFBC}") = "Comparing and Converting", "Comparing and Converting.csproj", "{98249291-EDF3-4688-B569-89BAECF78548}"
EndProject
Global
	GlobalSection(SolutionConfigurationPlatforms) = preSolution
		Debug|Any CPU = Debug|Any CPU
		Release|Any CPU = Release|Any CPU
	EndGlobalSection
	GlobalSection(ProjectConfigurationPlatforms) = postSolution
		{98249291-EDF3-4688-B569-89BAECF78548}.Debug|Any CPU.ActiveCfg = Debug|Any CPU
		{98249291-EDF3-4688-B569-89BAECF78548}.Debug|Any CPU.Build.0 = Debug|Any CPU
		{98249291-EDF3-4688-B569-89BAECF78548}.Release|Any CPU.ActiveCfg = Release|Any CPU
		{98249291-EDF3-4688-B569-89BAECF78548}.Release|Any CPU.Build.0 = Release|Any CPU
	EndGlobalSection
	GlobalSection(SolutionProperties) = preSolution
		HideSolutionNode = FALSE
	EndGlobalSection
	GlobalSection(ExtensibilityGlobals) = postSolution
		SolutionGuid = {E593986F-39EE-48B8-AA76-91355ED25A93}
	EndGlobalSection
EndGlobal
